
Microsoft Visual Studio Solution File, Format Version 12.00
# Visual Studio Version 17
VisualStudioVersion = 17.1.32407.343
MinimumVisualStudioVersion = 10.0.40219.1
Project("{FAE04EC0-301F-11D3-BF4B-00C04F79EFBC}") = "Grombcross", "Grombcross.csproj", "{05AA53EE-AADC-4FF8-A06B-2AC7E29B2FB7}"
EndProject
Global
	GlobalSection(SolutionConfigurationPlatforms) = preSolution
		Debug|Any CPU = Debug|Any CPU
		Release|Any CPU = Release|Any CPU
	EndGlobalSection
	GlobalSection(ProjectConfigurationPlatforms) = postSolution
		{05AA53EE-AADC-4FF8-A06B-2AC7E29B2FB7}.Debug|Any CPU.ActiveCfg = Debug|Any CPU
		{05AA53EE-AADC-4FF8-A06B-2AC7E29B2FB7}.Debug|Any CPU.Build.0 = Debug|Any CPU
		{05AA53EE-AADC-4FF8-A06B-2AC7E29B2FB7}.Release|Any CPU.ActiveCfg = Release|Any CPU
		{05AA53EE-AADC-4FF8-A06B-2AC7E29B2FB7}.Release|Any CPU.Build.0 = Release|Any CPU
	EndGlobalSection
	GlobalSection(SolutionProperties) = preSolution
		HideSolutionNode = FALSE
	EndGlobalSection
	GlobalSection(ExtensibilityGlobals) = postSolution
		SolutionGuid = {E7707DF8-7D48-49C9-9CAD-32D56637B2C8}
	EndGlobalSection
EndGlobal
